
Microsoft Visual Studio Solution File, Format Version 12.00
# Visual Studio Version 17
VisualStudioVersion = 17.14.36327.8 d17.14
MinimumVisualStudioVersion = 10.0.40219.1
Project("{FAE04EC0-301F-11D3-BF4B-00C04F79EFBC}") = "CandySalesServer", "CandySalesServer\CandySalesServer.csproj", "{53491E0C-6FC0-4ED4-A943-AB6ECB978502}"
EndProject
Project("{FAE04EC0-301F-11D3-BF4B-00C04F79EFBC}") = "CandySalesClient", "CandySalesClient\CandySalesClient.csproj", "{7AF08E60-43FC-4733-972E-CBD721355A7D}"
EndProject
Global
	GlobalSection(SolutionConfigurationPlatforms) = preSolution
		Debug|Any CPU = Debug|Any CPU
		Release|Any CPU = Release|Any CPU
	EndGlobalSection
	GlobalSection(ProjectConfigurationPlatforms) = postSolution
		{53491E0C-6FC0-4ED4-A943-AB6ECB978502}.Debug|Any CPU.ActiveCfg = Debug|Any CPU
		{53491E0C-6FC0-4ED4-A943-AB6ECB978502}.Debug|Any CPU.Build.0 = Debug|Any CPU
		{53491E0C-6FC0-4ED4-A943-AB6ECB978502}.Release|Any CPU.ActiveCfg = Release|Any CPU
		{53491E0C-6FC0-4ED4-A943-AB6ECB978502}.Release|Any CPU.Build.0 = Release|Any CPU
		{7AF08E60-43FC-4733-972E-CBD721355A7D}.Debug|Any CPU.ActiveCfg = Debug|Any CPU
		{7AF08E60-43FC-4733-972E-CBD721355A7D}.Debug|Any CPU.Build.0 = Debug|Any CPU
		{7AF08E60-43FC-4733-972E-CBD721355A7D}.Release|Any CPU.ActiveCfg = Release|Any CPU
		{7AF08E60-43FC-4733-972E-CBD721355A7D}.Release|Any CPU.Build.0 = Release|Any CPU
	EndGlobalSection
	GlobalSection(SolutionProperties) = preSolution
		HideSolutionNode = FALSE
	EndGlobalSection
	GlobalSection(ExtensibilityGlobals) = postSolution
		SolutionGuid = {96F57473-764D-4DF6-9077-EBE091E91DB4}
	EndGlobalSection
EndGlobal
